
Microsoft Visual Studio Solution File, Format Version 12.00
# Visual Studio Version 16
VisualStudioVersion = 25.0.1706.0
MinimumVisualStudioVersion = 10.0.40219.1
Project("{FAE04EC0-301F-11D3-BF4B-00C04F79EFBC}") = "Dice Roller 2", "Dice Roller 2\Dice Roller 2.csproj", "{95062426-D96F-4549-A50A-2AA8261E4F14}"
EndProject
Global
	GlobalSection(SolutionConfigurationPlatforms) = preSolution
		Debug|Any CPU = Debug|Any CPU
		Release|Any CPU = Release|Any CPU
	EndGlobalSection
	GlobalSection(ProjectConfigurationPlatforms) = postSolution
		{95062426-D96F-4549-A50A-2AA8261E4F14}.Debug|Any CPU.ActiveCfg = Debug|Any CPU
		{95062426-D96F-4549-A50A-2AA8261E4F14}.Debug|Any CPU.Build.0 = Debug|Any CPU
		{95062426-D96F-4549-A50A-2AA8261E4F14}.Release|Any CPU.ActiveCfg = Release|Any CPU
		{95062426-D96F-4549-A50A-2AA8261E4F14}.Release|Any CPU.Build.0 = Release|Any CPU
	EndGlobalSection
	GlobalSection(SolutionProperties) = preSolution
		HideSolutionNode = FALSE
	EndGlobalSection
	GlobalSection(ExtensibilityGlobals) = postSolution
		SolutionGuid = {277D5A79-1AB9-4320-A69D-570FE423EC7A}
	EndGlobalSection
EndGlobal
